
Microsoft Visual Studio Solution File, Format Version 12.00
# Visual Studio 2017
Project("{FAE04EC0-301F-11D3-BF4B-00C04F79EFBC}") = "ChinessChess", "ChinessChess.csproj", "{2B907D91-F00C-8958-F66B-C77EC8FD6F27}"
EndProject
Project("{FAE04EC0-301F-11D3-BF4B-00C04F79EFBC}") = "ChinessChess.Editor", "ChinessChess.Editor.csproj", "{9DF86723-FFF5-281F-2979-0FA8ACA12A62}"
EndProject
Global
	GlobalSection(SolutionConfigurationPlatforms) = preSolution
		Debug|Any CPU = Debug|Any CPU
		Release|Any CPU = Release|Any CPU
	EndGlobalSection
	GlobalSection(ProjectConfigurationPlatforms) = postSolution
		{2B907D91-F00C-8958-F66B-C77EC8FD6F27}.Debug|Any CPU.ActiveCfg = Debug|Any CPU
		{2B907D91-F00C-8958-F66B-C77EC8FD6F27}.Debug|Any CPU.Build.0 = Debug|Any CPU
		{2B907D91-F00C-8958-F66B-C77EC8FD6F27}.Release|Any CPU.ActiveCfg = Release|Any CPU
		{2B907D91-F00C-8958-F66B-C77EC8FD6F27}.Release|Any CPU.Build.0 = Release|Any CPU
		{9DF86723-FFF5-281F-2979-0FA8ACA12A62}.Debug|Any CPU.ActiveCfg = Debug|Any CPU
		{9DF86723-FFF5-281F-2979-0FA8ACA12A62}.Debug|Any CPU.Build.0 = Debug|Any CPU
		{9DF86723-FFF5-281F-2979-0FA8ACA12A62}.Release|Any CPU.ActiveCfg = Release|Any CPU
		{9DF86723-FFF5-281F-2979-0FA8ACA12A62}.Release|Any CPU.Build.0 = Release|Any CPU
	EndGlobalSection
	GlobalSection(SolutionProperties) = preSolution
		HideSolutionNode = FALSE
	EndGlobalSection
EndGlobal
